
Microsoft Visual Studio Solution File, Format Version 12.00
# Visual Studio Version 17
VisualStudioVersion = 17.2.32616.157
MinimumVisualStudioVersion = 10.0.40219.1
Project("{9A19103F-16F7-4668-BE54-9A1E7A4F7556}") = "ScaleUnit", "ScaleUnit\ScaleUnit.csproj", "{2888FAB4-68EF-4670-ABFF-20E1DBAA32F4}"
EndProject
Global
	GlobalSection(SolutionConfigurationPlatforms) = preSolution
		Debug|Any CPU = Debug|Any CPU
		Release|Any CPU = Release|Any CPU
	EndGlobalSection
	GlobalSection(ProjectConfigurationPlatforms) = postSolution
		{2888FAB4-68EF-4670-ABFF-20E1DBAA32F4}.Debug|Any CPU.ActiveCfg = Debug|Any CPU
		{2888FAB4-68EF-4670-ABFF-20E1DBAA32F4}.Debug|Any CPU.Build.0 = Debug|Any CPU
		{2888FAB4-68EF-4670-ABFF-20E1DBAA32F4}.Release|Any CPU.ActiveCfg = Release|Any CPU
		{2888FAB4-68EF-4670-ABFF-20E1DBAA32F4}.Release|Any CPU.Build.0 = Release|Any CPU
	EndGlobalSection
	GlobalSection(SolutionProperties) = preSolution
		HideSolutionNode = FALSE
	EndGlobalSection
	GlobalSection(ExtensibilityGlobals) = postSolution
		SolutionGuid = {D8D07A3D-D311-441B-A70E-A959154EE41B}
	EndGlobalSection
	GlobalSection(TeamFoundationVersionControl) = preSolution
		SccNumberOfProjects = 2
		SccEnterpriseProvider = {4CA58AB2-18FA-4F8D-95D4-32DDF27D184C}
		SccTeamFoundationServer = https://dev.azure.com/unimaco
		SccLocalPath0 = .
		SccProjectUniqueName1 = ScaleUnit\\ScaleUnit.csproj
		SccProjectName1 = ScaleUnit
		SccLocalPath1 = ScaleUnit
	EndGlobalSection
EndGlobal
